
Microsoft Visual Studio Solution File, Format Version 12.00
# Visual Studio Version 17
VisualStudioVersion = 17.5.33424.131
MinimumVisualStudioVersion = 10.0.40219.1
Project("{FAE04EC0-301F-11D3-BF4B-00C04F79EFBC}") = "Taxi", "Taxi\Taxi.csproj", "{B28A431F-0600-4DB0-97F0-8F4B13C587D4}"
EndProject
Project("{FAE04EC0-301F-11D3-BF4B-00C04F79EFBC}") = "ClassLibTaxi", "ClassLibTaxi\ClassLibTaxi.csproj", "{F9C8CCED-6810-4995-AAAE-932172E766F6}"
EndProject
Global
	GlobalSection(SolutionConfigurationPlatforms) = preSolution
		Debug|Any CPU = Debug|Any CPU
		Release|Any CPU = Release|Any CPU
	EndGlobalSection
	GlobalSection(ProjectConfigurationPlatforms) = postSolution
		{B28A431F-0600-4DB0-97F0-8F4B13C587D4}.Debug|Any CPU.ActiveCfg = Debug|Any CPU
		{B28A431F-0600-4DB0-97F0-8F4B13C587D4}.Debug|Any CPU.Build.0 = Debug|Any CPU
		{B28A431F-0600-4DB0-97F0-8F4B13C587D4}.Release|Any CPU.ActiveCfg = Release|Any CPU
		{B28A431F-0600-4DB0-97F0-8F4B13C587D4}.Release|Any CPU.Build.0 = Release|Any CPU
		{F9C8CCED-6810-4995-AAAE-932172E766F6}.Debug|Any CPU.ActiveCfg = Debug|Any CPU
		{F9C8CCED-6810-4995-AAAE-932172E766F6}.Debug|Any CPU.Build.0 = Debug|Any CPU
		{F9C8CCED-6810-4995-AAAE-932172E766F6}.Release|Any CPU.ActiveCfg = Release|Any CPU
		{F9C8CCED-6810-4995-AAAE-932172E766F6}.Release|Any CPU.Build.0 = Release|Any CPU
	EndGlobalSection
	GlobalSection(SolutionProperties) = preSolution
		HideSolutionNode = FALSE
	EndGlobalSection
	GlobalSection(ExtensibilityGlobals) = postSolution
		SolutionGuid = {190D5AB5-D3C1-4062-92F4-A4E49183DC12}
	EndGlobalSection
EndGlobal
